
Microsoft Visual Studio Solution File, Format Version 12.00
# Visual Studio Version 16
VisualStudioVersion = 16.0.29306.81
MinimumVisualStudioVersion = 10.0.40219.1
Project("{FAE04EC0-301F-11D3-BF4B-00C04F79EFBC}") = "AutoTogglConsole", "AutoTogglConsole\AutoTogglConsole.csproj", "{7F59CE61-EE6A-4F06-AA8A-5413BE075079}"
EndProject
Global
	GlobalSection(SolutionConfigurationPlatforms) = preSolution
		Debug|Any CPU = Debug|Any CPU
		Dev|Any CPU = Dev|Any CPU
		Dev2|Any CPU = Dev2|Any CPU
		Release|Any CPU = Release|Any CPU
	EndGlobalSection
	GlobalSection(ProjectConfigurationPlatforms) = postSolution
		{7F59CE61-EE6A-4F06-AA8A-5413BE075079}.Debug|Any CPU.ActiveCfg = Debug|Any CPU
		{7F59CE61-EE6A-4F06-AA8A-5413BE075079}.Debug|Any CPU.Build.0 = Debug|Any CPU
		{7F59CE61-EE6A-4F06-AA8A-5413BE075079}.Dev|Any CPU.ActiveCfg = Debug|Any CPU
		{7F59CE61-EE6A-4F06-AA8A-5413BE075079}.Dev|Any CPU.Build.0 = Debug|Any CPU
		{7F59CE61-EE6A-4F06-AA8A-5413BE075079}.Dev2|Any CPU.ActiveCfg = Debug|Any CPU
		{7F59CE61-EE6A-4F06-AA8A-5413BE075079}.Dev2|Any CPU.Build.0 = Debug|Any CPU
		{7F59CE61-EE6A-4F06-AA8A-5413BE075079}.Release|Any CPU.ActiveCfg = Release|Any CPU
		{7F59CE61-EE6A-4F06-AA8A-5413BE075079}.Release|Any CPU.Build.0 = Release|Any CPU
	EndGlobalSection
	GlobalSection(SolutionProperties) = preSolution
		HideSolutionNode = FALSE
	EndGlobalSection
	GlobalSection(ExtensibilityGlobals) = postSolution
		SolutionGuid = {DDDD39D5-98A6-4E14-BF68-1C409DF09390}
	EndGlobalSection
EndGlobal
